
Microsoft Visual Studio Solution File, Format Version 12.00
# Visual Studio Version 17
VisualStudioVersion = 17.7.33711.374
MinimumVisualStudioVersion = 10.0.40219.1
Project("{2150E333-8FDC-42A3-9474-1A3956D46DE8}") = "Solution Items", "Solution Items", "{D8AC69EF-93A7-4607-8A90-FBC68A177DE8}"
	ProjectSection(SolutionItems) = preProject
		NuGet.config = NuGet.config
		README.md = README.md
		PostDeploymentActions\Readme.md = PostDeploymentActions\Readme.md
		PostDeploymentActions\RemoveAppOffline.ps1 = PostDeploymentActions\RemoveAppOffline.ps1
		Reset-Local.ps1 = Reset-Local.ps1
	EndProjectSection
EndProject
Project("{9A19103F-16F7-4668-BE54-9A1E7A4F7556}") = "OrchardCore.Web", "OrchardCore.Web\OrchardCore.Web.csproj", "{8B90D2C5-765A-4580-8AD9-6DB7D3DD96C4}"
EndProject
Project("{2150E333-8FDC-42A3-9474-1A3956D46DE8}") = "Themes", "Themes", "{104BEE50-A6B0-46C7-B2E5-0EB6BBCCFD16}"
EndProject
Project("{9A19103F-16F7-4668-BE54-9A1E7A4F7556}") = "OCWS", "Themes\OCWS\OCWS.csproj", "{D8525626-1BEF-4052-8EF0-DFD5C7E3EA0D}"
EndProject
Project("{2150E333-8FDC-42A3-9474-1A3956D46DE8}") = ".github", ".github", "{02EA681E-C7D8-13C7-8484-4AC65E1B71E8}"
EndProject
Project("{2150E333-8FDC-42A3-9474-1A3956D46DE8}") = "workflows", "workflows", "{626A55B0-ACA9-4FFF-943A-9152ACB7CF08}"
	ProjectSection(SolutionItems) = preProject
		.github\workflows\ci.yml = .github\workflows\ci.yml
		.github\workflows\deploy.yml = .github\workflows\deploy.yml
	EndProjectSection
EndProject
Project("{2150E333-8FDC-42A3-9474-1A3956D46DE8}") = "PostDeploymentActions", "PostDeploymentActions", "{481F35BA-54E1-477E-92DC-D968876C34D4}"
	ProjectSection(SolutionItems) = preProject
		PostDeploymentActions\Readme.md = PostDeploymentActions\Readme.md
		PostDeploymentActions\RemoveAppOffline.ps1 = PostDeploymentActions\RemoveAppOffline.ps1
	EndProjectSection
EndProject
Project("{2150E333-8FDC-42A3-9474-1A3956D46DE8}") = "orchardproject.net", "orchardproject.net", "{E8D96DCF-FD65-4D8C-86C1-99629D43A23D}"
	ProjectSection(SolutionItems) = preProject
		orchardproject.net\Readme.md = orchardproject.net\Readme.md
		orchardproject.net\web.config = orchardproject.net\web.config
	EndProjectSection
EndProject
Project("{FAE04EC0-301F-11D3-BF4B-00C04F79EFBC}") = "TheOrchardCoreTheme", "Themes\TheOrchardCoreTheme\TheOrchardCoreTheme.csproj", "{8350BE23-2A75-4A05-9AB3-2242CAD9C1A0}"
EndProject
Project("{2150E333-8FDC-42A3-9474-1A3956D46DE8}") = "Modules", "Modules", "{CA253913-39DE-BFD0-C9A3-4B7EC6FBDF17}"
EndProject
Project("{FAE04EC0-301F-11D3-BF4B-00C04F79EFBC}") = "TheOrchardCoreTheme.Module", "Modules\TheOrchardCoreTheme.Module\TheOrchardCoreTheme.Module.csproj", "{1AF3E79D-3251-4851-BBE5-F700A8A688D7}"
EndProject
Global
	GlobalSection(SolutionConfigurationPlatforms) = preSolution
		Debug|Any CPU = Debug|Any CPU
		Debug|x64 = Debug|x64
		Debug|x86 = Debug|x86
		Release|Any CPU = Release|Any CPU
		Release|x64 = Release|x64
		Release|x86 = Release|x86
	EndGlobalSection
	GlobalSection(ProjectConfigurationPlatforms) = postSolution
		{8B90D2C5-765A-4580-8AD9-6DB7D3DD96C4}.Debug|Any CPU.ActiveCfg = Debug|Any CPU
		{8B90D2C5-765A-4580-8AD9-6DB7D3DD96C4}.Debug|Any CPU.Build.0 = Debug|Any CPU
		{8B90D2C5-765A-4580-8AD9-6DB7D3DD96C4}.Debug|x64.ActiveCfg = Debug|Any CPU
		{8B90D2C5-765A-4580-8AD9-6DB7D3DD96C4}.Debug|x64.Build.0 = Debug|Any CPU
		{8B90D2C5-765A-4580-8AD9-6DB7D3DD96C4}.Debug|x86.ActiveCfg = Debug|Any CPU
		{8B90D2C5-765A-4580-8AD9-6DB7D3DD96C4}.Debug|x86.Build.0 = Debug|Any CPU
		{8B90D2C5-765A-4580-8AD9-6DB7D3DD96C4}.Release|Any CPU.ActiveCfg = Release|Any CPU
		{8B90D2C5-765A-4580-8AD9-6DB7D3DD96C4}.Release|Any CPU.Build.0 = Release|Any CPU
		{8B90D2C5-765A-4580-8AD9-6DB7D3DD96C4}.Release|x64.ActiveCfg = Release|Any CPU
		{8B90D2C5-765A-4580-8AD9-6DB7D3DD96C4}.Release|x64.Build.0 = Release|Any CPU
		{8B90D2C5-765A-4580-8AD9-6DB7D3DD96C4}.Release|x86.ActiveCfg = Release|Any CPU
		{8B90D2C5-765A-4580-8AD9-6DB7D3DD96C4}.Release|x86.Build.0 = Release|Any CPU
		{D8525626-1BEF-4052-8EF0-DFD5C7E3EA0D}.Debug|Any CPU.ActiveCfg = Debug|Any CPU
		{D8525626-1BEF-4052-8EF0-DFD5C7E3EA0D}.Debug|Any CPU.Build.0 = Debug|Any CPU
		{D8525626-1BEF-4052-8EF0-DFD5C7E3EA0D}.Debug|x64.ActiveCfg = Debug|Any CPU
		{D8525626-1BEF-4052-8EF0-DFD5C7E3EA0D}.Debug|x64.Build.0 = Debug|Any CPU
		{D8525626-1BEF-4052-8EF0-DFD5C7E3EA0D}.Debug|x86.ActiveCfg = Debug|Any CPU
		{D8525626-1BEF-4052-8EF0-DFD5C7E3EA0D}.Debug|x86.Build.0 = Debug|Any CPU
		{D8525626-1BEF-4052-8EF0-DFD5C7E3EA0D}.Release|Any CPU.ActiveCfg = Release|Any CPU
		{D8525626-1BEF-4052-8EF0-DFD5C7E3EA0D}.Release|Any CPU.Build.0 = Release|Any CPU
		{D8525626-1BEF-4052-8EF0-DFD5C7E3EA0D}.Release|x64.ActiveCfg = Release|Any CPU
		{D8525626-1BEF-4052-8EF0-DFD5C7E3EA0D}.Release|x64.Build.0 = Release|Any CPU
		{D8525626-1BEF-4052-8EF0-DFD5C7E3EA0D}.Release|x86.ActiveCfg = Release|Any CPU
		{D8525626-1BEF-4052-8EF0-DFD5C7E3EA0D}.Release|x86.Build.0 = Release|Any CPU
		{8350BE23-2A75-4A05-9AB3-2242CAD9C1A0}.Debug|Any CPU.ActiveCfg = Debug|Any CPU
		{8350BE23-2A75-4A05-9AB3-2242CAD9C1A0}.Debug|Any CPU.Build.0 = Debug|Any CPU
		{8350BE23-2A75-4A05-9AB3-2242CAD9C1A0}.Debug|x64.ActiveCfg = Debug|Any CPU
		{8350BE23-2A75-4A05-9AB3-2242CAD9C1A0}.Debug|x64.Build.0 = Debug|Any CPU
		{8350BE23-2A75-4A05-9AB3-2242CAD9C1A0}.Debug|x86.ActiveCfg = Debug|Any CPU
		{8350BE23-2A75-4A05-9AB3-2242CAD9C1A0}.Debug|x86.Build.0 = Debug|Any CPU
		{8350BE23-2A75-4A05-9AB3-2242CAD9C1A0}.Release|Any CPU.ActiveCfg = Release|Any CPU
		{8350BE23-2A75-4A05-9AB3-2242CAD9C1A0}.Release|Any CPU.Build.0 = Release|Any CPU
		{8350BE23-2A75-4A05-9AB3-2242CAD9C1A0}.Release|x64.ActiveCfg = Release|Any CPU
		{8350BE23-2A75-4A05-9AB3-2242CAD9C1A0}.Release|x64.Build.0 = Release|Any CPU
		{8350BE23-2A75-4A05-9AB3-2242CAD9C1A0}.Release|x86.ActiveCfg = Release|Any CPU
		{8350BE23-2A75-4A05-9AB3-2242CAD9C1A0}.Release|x86.Build.0 = Release|Any CPU
		{1AF3E79D-3251-4851-BBE5-F700A8A688D7}.Debug|Any CPU.ActiveCfg = Debug|Any CPU
		{1AF3E79D-3251-4851-BBE5-F700A8A688D7}.Debug|Any CPU.Build.0 = Debug|Any CPU
		{1AF3E79D-3251-4851-BBE5-F700A8A688D7}.Debug|x64.ActiveCfg = Debug|Any CPU
		{1AF3E79D-3251-4851-BBE5-F700A8A688D7}.Debug|x64.Build.0 = Debug|Any CPU
		{1AF3E79D-3251-4851-BBE5-F700A8A688D7}.Debug|x86.ActiveCfg = Debug|Any CPU
		{1AF3E79D-3251-4851-BBE5-F700A8A688D7}.Debug|x86.Build.0 = Debug|Any CPU
		{1AF3E79D-3251-4851-BBE5-F700A8A688D7}.Release|Any CPU.ActiveCfg = Release|Any CPU
		{1AF3E79D-3251-4851-BBE5-F700A8A688D7}.Release|Any CPU.Build.0 = Release|Any CPU
		{1AF3E79D-3251-4851-BBE5-F700A8A688D7}.Release|x64.ActiveCfg = Release|Any CPU
		{1AF3E79D-3251-4851-BBE5-F700A8A688D7}.Release|x64.Build.0 = Release|Any CPU
		{1AF3E79D-3251-4851-BBE5-F700A8A688D7}.Release|x86.ActiveCfg = Release|Any CPU
		{1AF3E79D-3251-4851-BBE5-F700A8A688D7}.Release|x86.Build.0 = Release|Any CPU
	EndGlobalSection
	GlobalSection(SolutionProperties) = preSolution
		HideSolutionNode = FALSE
	EndGlobalSection
	GlobalSection(NestedProjects) = preSolution
		{D8525626-1BEF-4052-8EF0-DFD5C7E3EA0D} = {104BEE50-A6B0-46C7-B2E5-0EB6BBCCFD16}
		{626A55B0-ACA9-4FFF-943A-9152ACB7CF08} = {02EA681E-C7D8-13C7-8484-4AC65E1B71E8}
		{8350BE23-2A75-4A05-9AB3-2242CAD9C1A0} = {104BEE50-A6B0-46C7-B2E5-0EB6BBCCFD16}
		{1AF3E79D-3251-4851-BBE5-F700A8A688D7} = {CA253913-39DE-BFD0-C9A3-4B7EC6FBDF17}
	EndGlobalSection
	GlobalSection(ExtensibilityGlobals) = postSolution
		SolutionGuid = {4F226CAA-CE35-45EF-83CA-57F68BC1EE1B}
	EndGlobalSection
EndGlobal
